
Microsoft Visual Studio Solution File, Format Version 12.00
# Visual Studio Version 16
VisualStudioVersion = 16.0.28803.452
MinimumVisualStudioVersion = 15.0.26124.0
Project("{9A19103F-16F7-4668-BE54-9A1E7A4F7556}") = "SampleTemplates", "SampleTemplates\SampleTemplates.csproj", "{2B3626DC-B4C4-4CEB-8FCA-6A7770B49F05}"
EndProject
Project("{FAE04EC0-301F-11D3-BF4B-00C04F79EFBC}") = "SampleTemplates.Extensions", "SampleTemplates.Extensions\SampleTemplates.Extensions.csproj", "{8484EEED-3A08-405C-91CE-63564A59B161}"
EndProject
Project("{9A19103F-16F7-4668-BE54-9A1E7A4F7556}") = "WebApplication1", "WebApplication1\WebApplication1.csproj", "{43428CE5-3742-4A3C-925F-61005A924648}"
EndProject
Global
	GlobalSection(SolutionConfigurationPlatforms) = preSolution
		Debug|Any CPU = Debug|Any CPU
		Debug|x64 = Debug|x64
		Debug|x86 = Debug|x86
		Release|Any CPU = Release|Any CPU
		Release|x64 = Release|x64
		Release|x86 = Release|x86
	EndGlobalSection
	GlobalSection(ProjectConfigurationPlatforms) = postSolution
		{2B3626DC-B4C4-4CEB-8FCA-6A7770B49F05}.Debug|Any CPU.ActiveCfg = Debug|Any CPU
		{2B3626DC-B4C4-4CEB-8FCA-6A7770B49F05}.Debug|Any CPU.Build.0 = Debug|Any CPU
		{2B3626DC-B4C4-4CEB-8FCA-6A7770B49F05}.Debug|x64.ActiveCfg = Debug|Any CPU
		{2B3626DC-B4C4-4CEB-8FCA-6A7770B49F05}.Debug|x64.Build.0 = Debug|Any CPU
		{2B3626DC-B4C4-4CEB-8FCA-6A7770B49F05}.Debug|x86.ActiveCfg = Debug|Any CPU
		{2B3626DC-B4C4-4CEB-8FCA-6A7770B49F05}.Debug|x86.Build.0 = Debug|Any CPU
		{2B3626DC-B4C4-4CEB-8FCA-6A7770B49F05}.Release|Any CPU.ActiveCfg = Release|Any CPU
		{2B3626DC-B4C4-4CEB-8FCA-6A7770B49F05}.Release|Any CPU.Build.0 = Release|Any CPU
		{2B3626DC-B4C4-4CEB-8FCA-6A7770B49F05}.Release|x64.ActiveCfg = Release|Any CPU
		{2B3626DC-B4C4-4CEB-8FCA-6A7770B49F05}.Release|x64.Build.0 = Release|Any CPU
		{2B3626DC-B4C4-4CEB-8FCA-6A7770B49F05}.Release|x86.ActiveCfg = Release|Any CPU
		{2B3626DC-B4C4-4CEB-8FCA-6A7770B49F05}.Release|x86.Build.0 = Release|Any CPU
		{8484EEED-3A08-405C-91CE-63564A59B161}.Debug|Any CPU.ActiveCfg = Debug|Any CPU
		{8484EEED-3A08-405C-91CE-63564A59B161}.Debug|Any CPU.Build.0 = Debug|Any CPU
		{8484EEED-3A08-405C-91CE-63564A59B161}.Debug|x64.ActiveCfg = Debug|Any CPU
		{8484EEED-3A08-405C-91CE-63564A59B161}.Debug|x64.Build.0 = Debug|Any CPU
		{8484EEED-3A08-405C-91CE-63564A59B161}.Debug|x86.ActiveCfg = Debug|Any CPU
		{8484EEED-3A08-405C-91CE-63564A59B161}.Debug|x86.Build.0 = Debug|Any CPU
		{8484EEED-3A08-405C-91CE-63564A59B161}.Release|Any CPU.ActiveCfg = Release|Any CPU
		{8484EEED-3A08-405C-91CE-63564A59B161}.Release|Any CPU.Build.0 = Release|Any CPU
		{8484EEED-3A08-405C-91CE-63564A59B161}.Release|x64.ActiveCfg = Release|Any CPU
		{8484EEED-3A08-405C-91CE-63564A59B161}.Release|x64.Build.0 = Release|Any CPU
		{8484EEED-3A08-405C-91CE-63564A59B161}.Release|x86.ActiveCfg = Release|Any CPU
		{8484EEED-3A08-405C-91CE-63564A59B161}.Release|x86.Build.0 = Release|Any CPU
		{43428CE5-3742-4A3C-925F-61005A924648}.Debug|Any CPU.ActiveCfg = Debug|Any CPU
		{43428CE5-3742-4A3C-925F-61005A924648}.Debug|Any CPU.Build.0 = Debug|Any CPU
		{43428CE5-3742-4A3C-925F-61005A924648}.Debug|x64.ActiveCfg = Debug|Any CPU
		{43428CE5-3742-4A3C-925F-61005A924648}.Debug|x64.Build.0 = Debug|Any CPU
		{43428CE5-3742-4A3C-925F-61005A924648}.Debug|x86.ActiveCfg = Debug|Any CPU
		{43428CE5-3742-4A3C-925F-61005A924648}.Debug|x86.Build.0 = Debug|Any CPU
		{43428CE5-3742-4A3C-925F-61005A924648}.Release|Any CPU.ActiveCfg = Release|Any CPU
		{43428CE5-3742-4A3C-925F-61005A924648}.Release|Any CPU.Build.0 = Release|Any CPU
		{43428CE5-3742-4A3C-925F-61005A924648}.Release|x64.ActiveCfg = Release|Any CPU
		{43428CE5-3742-4A3C-925F-61005A924648}.Release|x64.Build.0 = Release|Any CPU
		{43428CE5-3742-4A3C-925F-61005A924648}.Release|x86.ActiveCfg = Release|Any CPU
		{43428CE5-3742-4A3C-925F-61005A924648}.Release|x86.Build.0 = Release|Any CPU
	EndGlobalSection
	GlobalSection(SolutionProperties) = preSolution
		HideSolutionNode = FALSE
	EndGlobalSection
	GlobalSection(ExtensibilityGlobals) = postSolution
		SolutionGuid = {15A1C98A-69F1-4B54-AE00-E2A8A9B8F05A}
	EndGlobalSection
EndGlobal
